
Microsoft Visual Studio Solution File, Format Version 12.00
# Visual Studio Version 17
VisualStudioVersion = 17.8.34330.188
MinimumVisualStudioVersion = 10.0.40219.1
Project("{FAE04EC0-301F-11D3-BF4B-00C04F79EFBC}") = "citiesServer", "cities-server\citiesServer.csproj", "{48F6AD42-1057-4F4A-AF35-A5FA27B011B5}"
EndProject
Global
	GlobalSection(SolutionConfigurationPlatforms) = preSolution
		Debug|Any CPU = Debug|Any CPU
		Release|Any CPU = Release|Any CPU
	EndGlobalSection
	GlobalSection(ProjectConfigurationPlatforms) = postSolution
		{48F6AD42-1057-4F4A-AF35-A5FA27B011B5}.Debug|Any CPU.ActiveCfg = Debug|Any CPU
		{48F6AD42-1057-4F4A-AF35-A5FA27B011B5}.Debug|Any CPU.Build.0 = Debug|Any CPU
		{48F6AD42-1057-4F4A-AF35-A5FA27B011B5}.Release|Any CPU.ActiveCfg = Release|Any CPU
		{48F6AD42-1057-4F4A-AF35-A5FA27B011B5}.Release|Any CPU.Build.0 = Release|Any CPU
	EndGlobalSection
	GlobalSection(SolutionProperties) = preSolution
		HideSolutionNode = FALSE
	EndGlobalSection
	GlobalSection(ExtensibilityGlobals) = postSolution
		SolutionGuid = {426A02D5-EA43-417A-8F87-526A162D8B64}
	EndGlobalSection
EndGlobal
